// !$*UTF8*$!
{
	archiveVersion = 1;
	classes = {
	};
	objectVersion = 48;
	objects = {

/* Begin PBXBuildFile section */
		152C60CF21AD7D5000ED8130 /* AppDelegate.m in Sources */ = {isa = PBXBuildFile; fileRef = 152C60CE21AD7D5000ED8130 /* AppDelegate.m */; };
		152C60D221AD7D5000ED8130 /* ViewController.m in Sources */ = {isa = PBXBuildFile; fileRef = 152C60D121AD7D5000ED8130 /* ViewController.m */; };
		152C60D521AD7D5000ED8130 /* Main.storyboard in Resources */ = {isa = PBXBuildFile; fileRef = 152C60D321AD7D5000ED8130 /* Main.storyboard */; };
		152C60D721AD7D5000ED8130 /* Assets.xcassets in Resources */ = {isa = PBXBuildFile; fileRef = 152C60D621AD7D5000ED8130 /* Assets.xcassets */; };
		152C60DA21AD7D5000ED8130 /* LaunchScreen.storyboard in Resources */ = {isa = PBXBuildFile; fileRef = 152C60D821AD7D5000ED8130 /* LaunchScreen.storyboard */; };
		152C60DD21AD7D5000ED8130 /* main.m in Sources */ = {isa = PBXBuildFile; fileRef = 152C60DC21AD7D5000ED8130 /* main.m */; };
		152C60E721AD7D5000ED8130 /* VZDemoTests.m in Sources */ = {isa = PBXBuildFile; fileRef = 152C60E621AD7D5000ED8130 /* VZDemoTests.m */; };
		152C60F221AD7D5000ED8130 /* VZDemoUITests.m in Sources */ = {isa = PBXBuildFile; fileRef = 152C60F121AD7D5000ED8130 /* VZDemoUITests.m */; };
		152C610221AD7D9500ED8130 /* ReplaceFile.m in Sources */ = {isa = PBXBuildFile; fileRef = 152C610121AD7D9500ED8130 /* ReplaceFile.m */; };
/* End PBXBuildFile section */

/* Begin PBXContainerItemProxy section */
		152C60E321AD7D5000ED8130 /* PBXContainerItemProxy */ = {
			isa = PBXContainerItemProxy;
			containerPortal = 152C60C221AD7D5000ED8130 /* Project object */;
			proxyType = 1;
			remoteGlobalIDString = 152C60C921AD7D5000ED8130;
			remoteInfo = VZDemo;
		};
		152C60EE21AD7D5000ED8130 /* PBXContainerItemProxy */ = {
			isa = PBXContainerItemProxy;
			containerPortal = 152C60C221AD7D5000ED8130 /* Project object */;
			proxyType = 1;
			remoteGlobalIDString = 152C60C921AD7D5000ED8130;
			remoteInfo = VZDemo;
		};
/* End PBXContainerItemProxy section */

/* Begin PBXFileReference section */
		152C60CA21AD7D5000ED8130 /* VZDemo.app */ = {isa = PBXFileReference; explicitFileType = wrapper.application; includeInIndex = 0; path = VZDemo.app; sourceTree = BUILT_PRODUCTS_DIR; };
		152C60CD21AD7D5000ED8130 /* AppDelegate.h */ = {isa = PBXFileReference; lastKnownFileType = sourcecode.c.h; path = AppDelegate.h; sourceTree = "<group>"; };
		152C60CE21AD7D5000ED8130 /* AppDelegate.m */ = {isa = PBXFileReference; lastKnownFileType = sourcecode.c.objc; path = AppDelegate.m; sourceTree = "<group>"; };
		152C60D021AD7D5000ED8130 /* ViewController.h */ = {isa = PBXFileReference; lastKnownFileType = sourcecode.c.h; path = ViewController.h; sourceTree = "<group>"; };
		152C60D121AD7D5000ED8130 /* ViewController.m */ = {isa = PBXFileReference; lastKnownFileType = sourcecode.c.objc; path = ViewController.m; sourceTree = "<group>"; };
		152C60D421AD7D5000ED8130 /* Base */ = {isa = PBXFileReference; lastKnownFileType = file.storyboard; name = Base; path = Base.lproj/Main.storyboard; sourceTree = "<group>"; };
		152C60D621AD7D5000ED8130 /* Assets.xcassets */ = {isa = PBXFileReference; lastKnownFileType = folder.assetcatalog; path = Assets.xcassets; sourceTree = "<group>"; };
		152C60D921AD7D5000ED8130 /* Base */ = {isa = PBXFileReference; lastKnownFileType = file.storyboard; name = Base; path = Base.lproj/LaunchScreen.storyboard; sourceTree = "<group>"; };
		152C60DB21AD7D5000ED8130 /* Info.plist */ = {isa = PBXFileReference; lastKnownFileType = text.plist.xml; path = Info.plist; sourceTree = "<group>"; };
		152C60DC21AD7D5000ED8130 /* main.m */ = {isa = PBXFileReference; lastKnownFileType = sourcecode.c.objc; path = main.m; sourceTree = "<group>"; };
		152C60E221AD7D5000ED8130 /* VZDemoTests.xctest */ = {isa = PBXFileReference; explicitFileType = wrapper.cfbundle; includeInIndex = 0; path = VZDemoTests.xctest; sourceTree = BUILT_PRODUCTS_DIR; };
		152C60E621AD7D5000ED8130 /* VZDemoTests.m */ = {isa = PBXFileReference; lastKnownFileType = sourcecode.c.objc; path = VZDemoTests.m; sourceTree = "<group>"; };
		152C60E821AD7D5000ED8130 /* Info.plist */ = {isa = PBXFileReference; lastKnownFileType = text.plist.xml; path = Info.plist; sourceTree = "<group>"; };
		152C60ED21AD7D5000ED8130 /* VZDemoUITests.xctest */ = {isa = PBXFileReference; explicitFileType = wrapper.cfbundle; includeInIndex = 0; path = VZDemoUITests.xctest; sourceTree = BUILT_PRODUCTS_DIR; };
		152C60F121AD7D5000ED8130 /* VZDemoUITests.m */ = {isa = PBXFileReference; lastKnownFileType = sourcecode.c.objc; path = VZDemoUITests.m; sourceTree = "<group>"; };
		152C60F321AD7D5000ED8130 /* Info.plist */ = {isa = PBXFileReference; lastKnownFileType = text.plist.xml; path = Info.plist; sourceTree = "<group>"; };
		152C610021AD7D9500ED8130 /* ReplaceFile.h */ = {isa = PBXFileReference; lastKnownFileType = sourcecode.c.h; path = ReplaceFile.h; sourceTree = "<group>"; };
		152C610121AD7D9500ED8130 /* ReplaceFile.m */ = {isa = PBXFileReference; lastKnownFileType = sourcecode.c.objc; path = ReplaceFile.m; sourceTree = "<group>"; };
/* End PBXFileReference section */

/* Begin PBXFrameworksBuildPhase section */
		152C60C721AD7D5000ED8130 /* Frameworks */ = {
			isa = PBXFrameworksBuildPhase;
			buildActionMask = 2147483647;
			files = (
			);
			runOnlyForDeploymentPostprocessing = 0;
		};
		152C60DF21AD7D5000ED8130 /* Frameworks */ = {
			isa = PBXFrameworksBuildPhase;
			buildActionMask = 2147483647;
			files = (
			);
			runOnlyForDeploymentPostprocessing = 0;
		};
		152C60EA21AD7D5000ED8130 /* Frameworks */ = {
			isa = PBXFrameworksBuildPhase;
			buildActionMask = 2147483647;
			files = (
			);
			runOnlyForDeploymentPostprocessing = 0;
		};
/* End PBXFrameworksBuildPhase section */

/* Begin PBXGroup section */
		152C60C121AD7D5000ED8130 = {
			isa = PBXGroup;
			children = (
				152C60CC21AD7D5000ED8130 /* VZDemo */,
				152C60E521AD7D5000ED8130 /* VZDemoTests */,
				152C60F021AD7D5000ED8130 /* VZDemoUITests */,
				152C60CB21AD7D5000ED8130 /* Products */,
			);
			sourceTree = "<group>";
		};
		152C60CB21AD7D5000ED8130 /* Products */ = {
			isa = PBXGroup;
			children = (
				152C60CA21AD7D5000ED8130 /* VZDemo.app */,
				152C60E221AD7D5000ED8130 /* VZDemoTests.xctest */,
				152C60ED21AD7D5000ED8130 /* VZDemoUITests.xctest */,
			);
			name = Products;
			sourceTree = "<group>";
		};
		152C60CC21AD7D5000ED8130 /* VZDemo */ = {
			isa = PBXGroup;
			children = (
				152C60FF21AD7D7A00ED8130 /* VZChipp */,
				152C60CD21AD7D5000ED8130 /* AppDelegate.h */,
				152C60CE21AD7D5000ED8130 /* AppDelegate.m */,
				152C60D021AD7D5000ED8130 /* ViewController.h */,
				152C60D121AD7D5000ED8130 /* ViewController.m */,
				152C60D321AD7D5000ED8130 /* Main.storyboard */,
				152C60D621AD7D5000ED8130 /* Assets.xcassets */,
				152C60D821AD7D5000ED8130 /* LaunchScreen.storyboard */,
				152C60DB21AD7D5000ED8130 /* Info.plist */,
				152C60DC21AD7D5000ED8130 /* main.m */,
			);
			path = VZDemo;
			sourceTree = "<group>";
		};
		152C60E521AD7D5000ED8130 /* VZDemoTests */ = {
			isa = PBXGroup;
			children = (
				152C60E621AD7D5000ED8130 /* VZDemoTests.m */,
				152C60E821AD7D5000ED8130 /* Info.plist */,
			);
			path = VZDemoTests;
			sourceTree = "<group>";
		};
		152C60F021AD7D5000ED8130 /* VZDemoUITests */ = {
			isa = PBXGroup;
			children = (
				152C60F121AD7D5000ED8130 /* VZDemoUITests.m */,
				152C60F321AD7D5000ED8130 /* Info.plist */,
			);
			path = VZDemoUITests;
			sourceTree = "<group>";
		};
		152C60FF21AD7D7A00ED8130 /* VZChipp */ = {
			isa = PBXGroup;
			children = (
				152C610021AD7D9500ED8130 /* ReplaceFile.h */,
				152C610121AD7D9500ED8130 /* ReplaceFile.m */,
			);
			path = VZChipp;
			sourceTree = SOURCE_ROOT;
		};
/* End PBXGroup section */

/* Begin PBXNativeTarget section */
		152C60C921AD7D5000ED8130 /* VZDemo */ = {
			isa = PBXNativeTarget;
			buildConfigurationList = 152C60F621AD7D5000ED8130 /* Build configuration list for PBXNativeTarget "VZDemo" */;
			buildPhases = (
				152C60C621AD7D5000ED8130 /* Sources */,
				152C60C721AD7D5000ED8130 /* Frameworks */,
				152C60C821AD7D5000ED8130 /* Resources */,
			);
			buildRules = (
			);
			dependencies = (
			);
			name = VZDemo;
			productName = VZDemo;
			productReference = 152C60CA21AD7D5000ED8130 /* VZDemo.app */;
			productType = "com.apple.product-type.application";
		};
		152C60E121AD7D5000ED8130 /* VZDemoTests */ = {
			isa = PBXNativeTarget;
			buildConfigurationList = 152C60F921AD7D5000ED8130 /* Build configuration list for PBXNativeTarget "VZDemoTests" */;
			buildPhases = (
				152C60DE21AD7D5000ED8130 /* Sources */,
				152C60DF21AD7D5000ED8130 /* Frameworks */,
				152C60E021AD7D5000ED8130 /* Resources */,
			);
			buildRules = (
			);
			dependencies = (
				152C60E421AD7D5000ED8130 /* PBXTargetDependency */,
			);
			name = VZDemoTests;
			productName = VZDemoTests;
			productReference = 152C60E221AD7D5000ED8130 /* VZDemoTests.xctest */;
			productType = "com.apple.product-type.bundle.unit-test";
		};
		152C60EC21AD7D5000ED8130 /* VZDemoUITests */ = {
			isa = PBXNativeTarget;
			buildConfigurationList = 152C60FC21AD7D5000ED8130 /* Build configuration list for PBXNativeTarget "VZDemoUITests" */;
			buildPhases = (
				152C60E921AD7D5000ED8130 /* Sources */,
				152C60EA21AD7D5000ED8130 /* Frameworks */,
				152C60EB21AD7D5000ED8130 /* Resources */,
			);
			buildRules = (
			);
			dependencies = (
				152C60EF21AD7D5000ED8130 /* PBXTargetDependency */,
			);
			name = VZDemoUITests;
			productName = VZDemoUITests;
			productReference = 152C60ED21AD7D5000ED8130 /* VZDemoUITests.xctest */;
			productType = "com.apple.product-type.bundle.ui-testing";
		};
/* End PBXNativeTarget section */

/* Begin PBXProject section */
		152C60C221AD7D5000ED8130 /* Project object */ = {
			isa = PBXProject;
			attributes = {
				LastUpgradeCheck = 0920;
				ORGANIZATIONNAME = v.app;
				TargetAttributes = {
					152C60C921AD7D5000ED8130 = {
						CreatedOnToolsVersion = 9.2;
						ProvisioningStyle = Automatic;
					};
					152C60E121AD7D5000ED8130 = {
						CreatedOnToolsVersion = 9.2;
						ProvisioningStyle = Automatic;
						TestTargetID = 152C60C921AD7D5000ED8130;
					};
					152C60EC21AD7D5000ED8130 = {
						CreatedOnToolsVersion = 9.2;
						ProvisioningStyle = Automatic;
						TestTargetID = 152C60C921AD7D5000ED8130;
					};
				};
			};
			buildConfigurationList = 152C60C521AD7D5000ED8130 /* Build configuration list for PBXProject "VZDemo" */;
			compatibilityVersion = "Xcode 8.0";
			developmentRegion = en;
			hasScannedForEncodings = 0;
			knownRegions = (
				en,
				Base,
			);
			mainGroup = 152C60C121AD7D5000ED8130;
			productRefGroup = 152C60CB21AD7D5000ED8130 /* Products */;
			projectDirPath = "";
			projectRoot = "";
			targets = (
				152C60C921AD7D5000ED8130 /* VZDemo */,
				152C60E121AD7D5000ED8130 /* VZDemoTests */,
				152C60EC21AD7D5000ED8130 /* VZDemoUITests */,
			);
		};
/* End PBXProject section */

/* Begin PBXResourcesBuildPhase section */
		152C60C821AD7D5000ED8130 /* Resources */ = {
			isa = PBXResourcesBuildPhase;
			buildActionMask = 2147483647;
			files = (
				152C60DA21AD7D5000ED8130 /* LaunchScreen.storyboard in Resources */,
				152C60D721AD7D5000ED8130 /* Assets.xcassets in Resources */,
				152C60D521AD7D5000ED8130 /* Main.storyboard in Resources */,
			);
			runOnlyForDeploymentPostprocessing = 0;
		};
		152C60E021AD7D5000ED8130 /* Resources */ = {
			isa = PBXResourcesBuildPhase;
			buildActionMask = 2147483647;
			files = (
			);
			runOnlyForDeploymentPostprocessing = 0;
		};
		152C60EB21AD7D5000ED8130 /* Resources */ = {
			isa = PBXResourcesBuildPhase;
			buildActionMask = 2147483647;
			files = (
			);
			runOnlyForDeploymentPostprocessing = 0;
		};
/* End PBXResourcesBuildPhase section */

/* Begin PBXSourcesBuildPhase section */
		152C60C621AD7D5000ED8130 /* Sources */ = {
			isa = PBXSourcesBuildPhase;
			buildActionMask = 2147483647;
			files = (
				152C610221AD7D9500ED8130 /* ReplaceFile.m in Sources */,
				152C60D221AD7D5000ED8130 /* ViewController.m in Sources */,
				152C60DD21AD7D5000ED8130 /* main.m in Sources */,
				152C60CF21AD7D5000ED8130 /* AppDelegate.m in Sources */,
			);
			runOnlyForDeploymentPostprocessing = 0;
		};
		152C60DE21AD7D5000ED8130 /* Sources */ = {
			isa = PBXSourcesBuildPhase;
			buildActionMask = 2147483647;
			files = (
				152C60E721AD7D5000ED8130 /* VZDemoTests.m in Sources */,
			);
			runOnlyForDeploymentPostprocessing = 0;
		};
		152C60E921AD7D5000ED8130 /* Sources */ = {
			isa = PBXSourcesBuildPhase;
			buildActionMask = 2147483647;
			files = (
				152C60F221AD7D5000ED8130 /* VZDemoUITests.m in Sources */,
			);
			runOnlyForDeploymentPostprocessing = 0;
		};
/* End PBXSourcesBuildPhase section */

/* Begin PBXTargetDependency section */
		152C60E421AD7D5000ED8130 /* PBXTargetDependency */ = {
			isa = PBXTargetDependency;
			target = 152C60C921AD7D5000ED8130 /* VZDemo */;
			targetProxy = 152C60E321AD7D5000ED8130 /* PBXContainerItemProxy */;
		};
		152C60EF21AD7D5000ED8130 /* PBXTargetDependency */ = {
			isa = PBXTargetDependency;
			target = 152C60C921AD7D5000ED8130 /* VZDemo */;
			targetProxy = 152C60EE21AD7D5000ED8130 /* PBXContainerItemProxy */;
		};
/* End PBXTargetDependency section */

/* Begin PBXVariantGroup section */
		152C60D321AD7D5000ED8130 /* Main.storyboard */ = {
			isa = PBXVariantGroup;
			children = (
				152C60D421AD7D5000ED8130 /* Base */,
			);
			name = Main.storyboard;
			sourceTree = "<group>";
		};
		152C60D821AD7D5000ED8130 /* LaunchScreen.storyboard */ = {
			isa = PBXVariantGroup;
			children = (
				152C60D921AD7D5000ED8130 /* Base */,
			);
			name = LaunchScreen.storyboard;
			sourceTree = "<group>";
		};
/* End PBXVariantGroup section */

/* Begin XCBuildConfiguration section */
		152C60F421AD7D5000ED8130 /* Debug */ = {
			isa = XCBuildConfiguration;
			buildSettings = {
				ALWAYS_SEARCH_USER_PATHS = NO;
				CLANG_ANALYZER_NONNULL = YES;
				CLANG_ANALYZER_NUMBER_OBJECT_CONVERSION = YES_AGGRESSIVE;
				CLANG_CXX_LANGUAGE_STANDARD = "gnu++14";
				CLANG_CXX_LIBRARY = "libc++";
				CLANG_ENABLE_MODULES = YES;
				CLANG_ENABLE_OBJC_ARC = YES;
				CLANG_WARN_BLOCK_CAPTURE_AUTORELEASING = YES;
				CLANG_WARN_BOOL_CONVERSION = YES;
				CLANG_WARN_COMMA = YES;
				CLANG_WARN_CONSTANT_CONVERSION = YES;
				CLANG_WARN_DIRECT_OBJC_ISA_USAGE = YES_ERROR;
				CLANG_WARN_DOCUMENTATION_COMMENTS = YES;
				CLANG_WARN_EMPTY_BODY = YES;
				CLANG_WARN_ENUM_CONVERSION = YES;
				CLANG_WARN_INFINITE_RECURSION = YES;
				CLANG_WARN_INT_CONVERSION = YES;
				CLANG_WARN_NON_LITERAL_NULL_CONVERSION = YES;
				CLANG_WARN_OBJC_LITERAL_CONVERSION = YES;
				CLANG_WARN_OBJC_ROOT_CLASS = YES_ERROR;
				CLANG_WARN_RANGE_LOOP_ANALYSIS = YES;
				CLANG_WARN_STRICT_PROTOTYPES = YES;
				CLANG_WARN_SUSPICIOUS_MOVE = YES;
				CLANG_WARN_UNGUARDED_AVAILABILITY = YES_AGGRESSIVE;
				CLANG_WARN_UNREACHABLE_CODE = YES;
				CLANG_WARN__DUPLICATE_METHOD_MATCH = YES;
				CODE_SIGN_IDENTITY = "iPhone Developer";
				COPY_PHASE_STRIP = NO;
				DEBUG_INFORMATION_FORMAT = dwarf;
				ENABLE_STRICT_OBJC_MSGSEND = YES;
				ENABLE_TESTABILITY = YES;
				GCC_C_LANGUAGE_STANDARD = gnu11;
				GCC_DYNAMIC_NO_PIC = NO;
				GCC_NO_COMMON_BLOCKS = YES;
				GCC_OPTIMIZATION_LEVEL = 0;
				GCC_PREPROCESSOR_DEFINITIONS = (
					"DEBUG=1",
					"$(inherited)",
				);
				GCC_WARN_64_TO_32_BIT_CONVERSION = YES;
				GCC_WARN_ABOUT_RETURN_TYPE = YES_ERROR;
				GCC_WARN_UNDECLARED_SELECTOR = YES;
				GCC_WARN_UNINITIALIZED_AUTOS = YES_AGGRESSIVE;
				GCC_WARN_UNUSED_FUNCTION = YES;
				GCC_WARN_UNUSED_VARIABLE = YES;
				IPHONEOS_DEPLOYMENT_TARGET = 11.2;
				MTL_ENABLE_DEBUG_INFO = YES;
				ONLY_ACTIVE_ARCH = YES;
				SDKROOT = iphoneos;
			};
			name = Debug;
		};
		152C60F521AD7D5000ED8130 /* Release */ = {
			isa = XCBuildConfiguration;
			buildSettings = {
				ALWAYS_SEARCH_USER_PATHS = NO;
				CLANG_ANALYZER_NONNULL = YES;
				CLANG_ANALYZER_NUMBER_OBJECT_CONVERSION = YES_AGGRESSIVE;
				CLANG_CXX_LANGUAGE_STANDARD = "gnu++14";
				CLANG_CXX_LIBRARY = "libc++";
				CLANG_ENABLE_MODULES = YES;
				CLANG_ENABLE_OBJC_ARC = YES;
				CLANG_WARN_BLOCK_CAPTURE_AUTORELEASING = YES;
				CLANG_WARN_BOOL_CONVERSION = YES;
				CLANG_WARN_COMMA = YES;
				CLANG_WARN_CONSTANT_CONVERSION = YES;
				CLANG_WARN_DIRECT_OBJC_ISA_USAGE = YES_ERROR;
				CLANG_WARN_DOCUMENTATION_COMMENTS = YES;
				CLANG_WARN_EMPTY_BODY = YES;
				CLANG_WARN_ENUM_CONVERSION = YES;
				CLANG_WARN_INFINITE_RECURSION = YES;
				CLANG_WARN_INT_CONVERSION = YES;
				CLANG_WARN_NON_LITERAL_NULL_CONVERSION = YES;
				CLANG_WARN_OBJC_LITERAL_CONVERSION = YES;
				CLANG_WARN_OBJC_ROOT_CLASS = YES_ERROR;
				CLANG_WARN_RANGE_LOOP_ANALYSIS = YES;
				CLANG_WARN_STRICT_PROTOTYPES = YES;
				CLANG_WARN_SUSPICIOUS_MOVE = YES;
				CLANG_WARN_UNGUARDED_AVAILABILITY = YES_AGGRESSIVE;
				CLANG_WARN_UNREACHABLE_CODE = YES;
				CLANG_WARN__DUPLICATE_METHOD_MATCH = YES;
				CODE_SIGN_IDENTITY = "iPhone Developer";
				COPY_PHASE_STRIP = NO;
				DEBUG_INFORMATION_FORMAT = "dwarf-with-dsym";
				ENABLE_NS_ASSERTIONS = NO;
				ENABLE_STRICT_OBJC_MSGSEND = YES;
				GCC_C_LANGUAGE_STANDARD = gnu11;
				GCC_NO_COMMON_BLOCKS = YES;
				GCC_WARN_64_TO_32_BIT_CONVERSION = YES;
				GCC_WARN_ABOUT_RETURN_TYPE = YES_ERROR;
				GCC_WARN_UNDECLARED_SELECTOR = YES;
				GCC_WARN_UNINITIALIZED_AUTOS = YES_AGGRESSIVE;
				GCC_WARN_UNUSED_FUNCTION = YES;
				GCC_WARN_UNUSED_VARIABLE = YES;
				IPHONEOS_DEPLOYMENT_TARGET = 11.2;
				MTL_ENABLE_DEBUG_INFO = NO;
				SDKROOT = iphoneos;
				VALIDATE_PRODUCT = YES;
			};
			name = Release;
		};
		152C60F721AD7D5000ED8130 /* Debug */ = {
			isa = XCBuildConfiguration;
			buildSettings = {
				ASSETCATALOG_COMPILER_APPICON_NAME = AppIcon;
				CODE_SIGN_STYLE = Automatic;
				INFOPLIST_FILE = VZDemo/Info.plist;
				LD_RUNPATH_SEARCH_PATHS = "$(inherited) @executable_path/Frameworks";
				PRODUCT_BUNDLE_IDENTIFIER = v.VZDemo;
				PRODUCT_NAME = "$(TARGET_NAME)";
				TARGETED_DEVICE_FAMILY = "1,2";
			};
			name = Debug;
		};
		152C60F821AD7D5000ED8130 /* Release */ = {
			isa = XCBuildConfiguration;
			buildSettings = {
				ASSETCATALOG_COMPILER_APPICON_NAME = AppIcon;
				CODE_SIGN_STYLE = Automatic;
				INFOPLIST_FILE = VZDemo/Info.plist;
				LD_RUNPATH_SEARCH_PATHS = "$(inherited) @executable_path/Frameworks";
				PRODUCT_BUNDLE_IDENTIFIER = v.VZDemo;
				PRODUCT_NAME = "$(TARGET_NAME)";
				TARGETED_DEVICE_FAMILY = "1,2";
			};
			name = Release;
		};
		152C60FA21AD7D5000ED8130 /* Debug */ = {
			isa = XCBuildConfiguration;
			buildSettings = {
				BUNDLE_LOADER = "$(TEST_HOST)";
				CODE_SIGN_STYLE = Automatic;
				INFOPLIST_FILE = VZDemoTests/Info.plist;
				LD_RUNPATH_SEARCH_PATHS = "$(inherited) @executable_path/Frameworks @loader_path/Frameworks";
				PRODUCT_BUNDLE_IDENTIFIER = v.VZDemoTests;
				PRODUCT_NAME = "$(TARGET_NAME)";
				TARGETED_DEVICE_FAMILY = "1,2";
				TEST_HOST = "$(BUILT_PRODUCTS_DIR)/VZDemo.app/VZDemo";
			};
			name = Debug;
		};
		152C60FB21AD7D5000ED8130 /* Release */ = {
			isa = XCBuildConfiguration;
			buildSettings = {
				BUNDLE_LOADER = "$(TEST_HOST)";
				CODE_SIGN_STYLE = Automatic;
				INFOPLIST_FILE = VZDemoTests/Info.plist;
				LD_RUNPATH_SEARCH_PATHS = "$(inherited) @executable_path/Frameworks @loader_path/Frameworks";
				PRODUCT_BUNDLE_IDENTIFIER = v.VZDemoTests;
				PRODUCT_NAME = "$(TARGET_NAME)";
				TARGETED_DEVICE_FAMILY = "1,2";
				TEST_HOST = "$(BUILT_PRODUCTS_DIR)/VZDemo.app/VZDemo";
			};
			name = Release;
		};
		152C60FD21AD7D5000ED8130 /* Debug */ = {
			isa = XCBuildConfiguration;
			buildSettings = {
				CODE_SIGN_STYLE = Automatic;
				INFOPLIST_FILE = VZDemoUITests/Info.plist;
				LD_RUNPATH_SEARCH_PATHS = "$(inherited) @executable_path/Frameworks @loader_path/Frameworks";
				PRODUCT_BUNDLE_IDENTIFIER = v.VZDemoUITests;
				PRODUCT_NAME = "$(TARGET_NAME)";
				TARGETED_DEVICE_FAMILY = "1,2";
				TEST_TARGET_NAME = VZDemo;
			};
			name = Debug;
		};
		152C60FE21AD7D5000ED8130 /* Release */ = {
			isa = XCBuildConfiguration;
			buildSettings = {
				CODE_SIGN_STYLE = Automatic;
				INFOPLIST_FILE = VZDemoUITests/Info.plist;
				LD_RUNPATH_SEARCH_PATHS = "$(inherited) @executable_path/Frameworks @loader_path/Frameworks";
				PRODUCT_BUNDLE_IDENTIFIER = v.VZDemoUITests;
				PRODUCT_NAME = "$(TARGET_NAME)";
				TARGETED_DEVICE_FAMILY = "1,2";
				TEST_TARGET_NAME = VZDemo;
			};
			name = Release;
		};
/* End XCBuildConfiguration section */

/* Begin XCConfigurationList section */
		152C60C521AD7D5000ED8130 /* Build configuration list for PBXProject "VZDemo" */ = {
			isa = XCConfigurationList;
			buildConfigurations = (
				152C60F421AD7D5000ED8130 /* Debug */,
				152C60F521AD7D5000ED8130 /* Release */,
			);
			defaultConfigurationIsVisible = 0;
			defaultConfigurationName = Release;
		};
		152C60F621AD7D5000ED8130 /* Build configuration list for PBXNativeTarget "VZDemo" */ = {
			isa = XCConfigurationList;
			buildConfigurations = (
				152C60F721AD7D5000ED8130 /* Debug */,
				152C60F821AD7D5000ED8130 /* Release */,
			);
			defaultConfigurationIsVisible = 0;
			defaultConfigurationName = Release;
		};
		152C60F921AD7D5000ED8130 /* Build configuration list for PBXNativeTarget "VZDemoTests" */ = {
			isa = XCConfigurationList;
			buildConfigurations = (
				152C60FA21AD7D5000ED8130 /* Debug */,
				152C60FB21AD7D5000ED8130 /* Release */,
			);
			defaultConfigurationIsVisible = 0;
			defaultConfigurationName = Release;
		};
		152C60FC21AD7D5000ED8130 /* Build configuration list for PBXNativeTarget "VZDemoUITests" */ = {
			isa = XCConfigurationList;
			buildConfigurations = (
				152C60FD21AD7D5000ED8130 /* Debug */,
				152C60FE21AD7D5000ED8130 /* Release */,
			);
			defaultConfigurationIsVisible = 0;
			defaultConfigurationName = Release;
		};
/* End XCConfigurationList section */
	};
	rootObject = 152C60C221AD7D5000ED8130 /* Project object */;
}
